PODS:
  - Alamofire (3.4.0)
  - Nimble (3.2.0)
  - Quick (0.9.1)
  - SopinetChat (0.0.1):
    - Alamofire (~> 3.0)

DEPENDENCIES:
  - Nimble (~> 3.0)
  - Quick (~> 0.8)
  - SopinetChat (from `../`)

EXTERNAL SOURCES:
  SopinetChat:
    :path: ../

SPEC CHECKSUMS:
  Alamofire: c19a627cefd6a95f840401c49ab1f124e07f54ee
  Nimble: 703854335d181df169bbca9c97117b5cf8c47c1d
  Quick: a5221fc21788b6aeda934805e68b061839bc3165
  SopinetChat: 09a71dfce6eb1aa94928a5e4072117c2eab06b30

COCOAPODS: 0.39.0
